
Microsoft Visual Studio Solution File, Format Version 11.00
# Visual Studio 2010
Project("{2150E333-8FDC-42A3-9474-1A3956D46DE8}") = "Common", "Common", "{F8733AA7-023A-4C63-A7B4-ECE6148553A6}"
EndProject
Project("{2150E333-8FDC-42A3-9474-1A3956D46DE8}") = "ModuleCore", "ModuleCore", "{52C080F3-0D11-49A4-B911-23648DD7397F}"
EndProject
Project("{FAE04EC0-301F-11D3-BF4B-00C04F79EFBC}") = "JCore", "JCore\JCore.csproj", "{74B6E860-671A-4E14-8260-9DC0AA1D5755}"
EndProject
Project("{FAE04EC0-301F-11D3-BF4B-00C04F79EFBC}") = "JUtils", "JUtils\JUtils.csproj", "{77C3A3A3-4F05-4705-B7CE-DB306E977D1A}"
EndProject
Project("{FAE04EC0-301F-11D3-BF4B-00C04F79EFBC}") = "JTest", "JTest\JTest.csproj", "{12A2298E-4AB1-4E3D-A995-60CCAC565D2C}"
EndProject
Project("{2150E333-8FDC-42A3-9474-1A3956D46DE8}") = "PlugInSys", "PlugInSys", "{77F00C3C-2911-4BB1-A518-CFE6F63171A9}"
EndProject
Project("{FAE04EC0-301F-11D3-BF4B-00C04F79EFBC}") = "PlugIn.Core", "PlugIn.Core\PlugIn.Core.csproj", "{DBA0F068-69D5-4A93-B155-A98425F2430C}"
EndProject
Project("{FAE04EC0-301F-11D3-BF4B-00C04F79EFBC}") = "PlugIn.Demo", "PlugIn.Demo\PlugIn.Demo.csproj", "{07C5EA00-13B5-4577-A210-700C0B46B9DC}"
EndProject
Project("{2150E333-8FDC-42A3-9474-1A3956D46DE8}") = "Plug-Ins", "Plug-Ins", "{38A04D56-C43D-49C3-A702-47BA1CB1DEB7}"
EndProject
Project("{FAE04EC0-301F-11D3-BF4B-00C04F79EFBC}") = "ServerStartup", "ServerStartup\ServerStartup.csproj", "{78EBC3DA-A309-4090-B193-029CB44FDB30}"
EndProject
Project("{2150E333-8FDC-42A3-9474-1A3956D46DE8}") = "Game", "Game", "{21109334-9496-4B68-9F08-A18546462F7C}"
EndProject
Project("{FAE04EC0-301F-11D3-BF4B-00C04F79EFBC}") = "GameCore", "GameCore\GameCore.csproj", "{ABA559EA-9B17-4D8E-968D-CF1A8A770A53}"
EndProject
Project("{FAE04EC0-301F-11D3-BF4B-00C04F79EFBC}") = "CenterServer", "CenterServer\CenterServer.csproj", "{A11B71F4-EE89-40CD-B017-395CA1F3D5B8}"
EndProject
Project("{2150E333-8FDC-42A3-9474-1A3956D46DE8}") = "Core", "Core", "{6AC2C8BB-3B3A-42C7-A289-2C58F68F48B6}"
EndProject
Project("{2150E333-8FDC-42A3-9474-1A3956D46DE8}") = "Center", "Center", "{A6C01370-3CC2-4B8A-9B86-A59ED0B80689}"
EndProject
Project("{FAE04EC0-301F-11D3-BF4B-00C04F79EFBC}") = "BattleHeartGame", "BattleHeartGame\BattleHeartGame.csproj", "{6BCE2935-F7F9-463A-9406-EC17E856BBF3}"
EndProject
Project("{2150E333-8FDC-42A3-9474-1A3956D46DE8}") = "Plug-in", "Plug-in", "{7329C098-52BB-4198-9BC8-529C2734C9FB}"
EndProject
Project("{2150E333-8FDC-42A3-9474-1A3956D46DE8}") = "Net", "Net", "{8305A961-FA14-4345-A8F3-165297CD562D}"
EndProject
Project("{FAE04EC0-301F-11D3-BF4B-00C04F79EFBC}") = "NetWork", "NetWork\NetWork.csproj", "{74FBC2AE-8971-4FCE-97C0-8D6049CBA91D}"
EndProject
Global
	GlobalSection(SolutionConfigurationPlatforms) = preSolution
		Debug|Any CPU = Debug|Any CPU
		Debug|Mixed Platforms = Debug|Mixed Platforms
		Debug|x86 = Debug|x86
		Release|Any CPU = Release|Any CPU
		Release|Mixed Platforms = Release|Mixed Platforms
		Release|x86 = Release|x86
	EndGlobalSection
	GlobalSection(ProjectConfigurationPlatforms) = postSolution
		{74B6E860-671A-4E14-8260-9DC0AA1D5755}.Debug|Any CPU.ActiveCfg = Debug|Any CPU
		{74B6E860-671A-4E14-8260-9DC0AA1D5755}.Debug|Any CPU.Build.0 = Debug|Any CPU
		{74B6E860-671A-4E14-8260-9DC0AA1D5755}.Debug|Mixed Platforms.ActiveCfg = Debug|Any CPU
		{74B6E860-671A-4E14-8260-9DC0AA1D5755}.Debug|Mixed Platforms.Build.0 = Debug|Any CPU
		{74B6E860-671A-4E14-8260-9DC0AA1D5755}.Debug|x86.ActiveCfg = Debug|Any CPU
		{74B6E860-671A-4E14-8260-9DC0AA1D5755}.Release|Any CPU.ActiveCfg = Release|Any CPU
		{74B6E860-671A-4E14-8260-9DC0AA1D5755}.Release|Any CPU.Build.0 = Release|Any CPU
		{74B6E860-671A-4E14-8260-9DC0AA1D5755}.Release|Mixed Platforms.ActiveCfg = Release|Any CPU
		{74B6E860-671A-4E14-8260-9DC0AA1D5755}.Release|Mixed Platforms.Build.0 = Release|Any CPU
		{74B6E860-671A-4E14-8260-9DC0AA1D5755}.Release|x86.ActiveCfg = Release|Any CPU
		{77C3A3A3-4F05-4705-B7CE-DB306E977D1A}.Debug|Any CPU.ActiveCfg = Debug|Any CPU
		{77C3A3A3-4F05-4705-B7CE-DB306E977D1A}.Debug|Any CPU.Build.0 = Debug|Any CPU
		{77C3A3A3-4F05-4705-B7CE-DB306E977D1A}.Debug|Mixed Platforms.ActiveCfg = Debug|Any CPU
		{77C3A3A3-4F05-4705-B7CE-DB306E977D1A}.Debug|Mixed Platforms.Build.0 = Debug|Any CPU
		{77C3A3A3-4F05-4705-B7CE-DB306E977D1A}.Debug|x86.ActiveCfg = Debug|Any CPU
		{77C3A3A3-4F05-4705-B7CE-DB306E977D1A}.Release|Any CPU.ActiveCfg = Release|Any CPU
		{77C3A3A3-4F05-4705-B7CE-DB306E977D1A}.Release|Any CPU.Build.0 = Release|Any CPU
		{77C3A3A3-4F05-4705-B7CE-DB306E977D1A}.Release|Mixed Platforms.ActiveCfg = Release|Any CPU
		{77C3A3A3-4F05-4705-B7CE-DB306E977D1A}.Release|Mixed Platforms.Build.0 = Release|Any CPU
		{77C3A3A3-4F05-4705-B7CE-DB306E977D1A}.Release|x86.ActiveCfg = Release|Any CPU
		{12A2298E-4AB1-4E3D-A995-60CCAC565D2C}.Debug|Any CPU.ActiveCfg = Debug|x86
		{12A2298E-4AB1-4E3D-A995-60CCAC565D2C}.Debug|Mixed Platforms.ActiveCfg = Debug|x86
		{12A2298E-4AB1-4E3D-A995-60CCAC565D2C}.Debug|Mixed Platforms.Build.0 = Debug|x86
		{12A2298E-4AB1-4E3D-A995-60CCAC565D2C}.Debug|x86.ActiveCfg = Debug|x86
		{12A2298E-4AB1-4E3D-A995-60CCAC565D2C}.Debug|x86.Build.0 = Debug|x86
		{12A2298E-4AB1-4E3D-A995-60CCAC565D2C}.Release|Any CPU.ActiveCfg = Release|x86
		{12A2298E-4AB1-4E3D-A995-60CCAC565D2C}.Release|Mixed Platforms.ActiveCfg = Release|x86
		{12A2298E-4AB1-4E3D-A995-60CCAC565D2C}.Release|Mixed Platforms.Build.0 = Release|x86
		{12A2298E-4AB1-4E3D-A995-60CCAC565D2C}.Release|x86.ActiveCfg = Release|x86
		{12A2298E-4AB1-4E3D-A995-60CCAC565D2C}.Release|x86.Build.0 = Release|x86
		{DBA0F068-69D5-4A93-B155-A98425F2430C}.Debug|Any CPU.ActiveCfg = Debug|Any CPU
		{DBA0F068-69D5-4A93-B155-A98425F2430C}.Debug|Any CPU.Build.0 = Debug|Any CPU
		{DBA0F068-69D5-4A93-B155-A98425F2430C}.Debug|Mixed Platforms.ActiveCfg = Debug|Any CPU
		{DBA0F068-69D5-4A93-B155-A98425F2430C}.Debug|Mixed Platforms.Build.0 = Debug|Any CPU
		{DBA0F068-69D5-4A93-B155-A98425F2430C}.Debug|x86.ActiveCfg = Debug|Any CPU
		{DBA0F068-69D5-4A93-B155-A98425F2430C}.Release|Any CPU.ActiveCfg = Release|Any CPU
		{DBA0F068-69D5-4A93-B155-A98425F2430C}.Release|Any CPU.Build.0 = Release|Any CPU
		{DBA0F068-69D5-4A93-B155-A98425F2430C}.Release|Mixed Platforms.ActiveCfg = Release|Any CPU
		{DBA0F068-69D5-4A93-B155-A98425F2430C}.Release|Mixed Platforms.Build.0 = Release|Any CPU
		{DBA0F068-69D5-4A93-B155-A98425F2430C}.Release|x86.ActiveCfg = Release|Any CPU
		{07C5EA00-13B5-4577-A210-700C0B46B9DC}.Debug|Any CPU.ActiveCfg = Debug|x86
		{07C5EA00-13B5-4577-A210-700C0B46B9DC}.Debug|Mixed Platforms.ActiveCfg = Debug|x86
		{07C5EA00-13B5-4577-A210-700C0B46B9DC}.Debug|Mixed Platforms.Build.0 = Debug|x86
		{07C5EA00-13B5-4577-A210-700C0B46B9DC}.Debug|x86.ActiveCfg = Debug|x86
		{07C5EA00-13B5-4577-A210-700C0B46B9DC}.Debug|x86.Build.0 = Debug|x86
		{07C5EA00-13B5-4577-A210-700C0B46B9DC}.Release|Any CPU.ActiveCfg = Release|x86
		{07C5EA00-13B5-4577-A210-700C0B46B9DC}.Release|Mixed Platforms.ActiveCfg = Release|x86
		{07C5EA00-13B5-4577-A210-700C0B46B9DC}.Release|Mixed Platforms.Build.0 = Release|x86
		{07C5EA00-13B5-4577-A210-700C0B46B9DC}.Release|x86.ActiveCfg = Release|x86
		{07C5EA00-13B5-4577-A210-700C0B46B9DC}.Release|x86.Build.0 = Release|x86
		{78EBC3DA-A309-4090-B193-029CB44FDB30}.Debug|Any CPU.ActiveCfg = Debug|Any CPU
		{78EBC3DA-A309-4090-B193-029CB44FDB30}.Debug|Any CPU.Build.0 = Debug|Any CPU
		{78EBC3DA-A309-4090-B193-029CB44FDB30}.Debug|Mixed Platforms.ActiveCfg = Debug|Any CPU
		{78EBC3DA-A309-4090-B193-029CB44FDB30}.Debug|Mixed Platforms.Build.0 = Debug|Any CPU
		{78EBC3DA-A309-4090-B193-029CB44FDB30}.Debug|x86.ActiveCfg = Debug|Any CPU
		{78EBC3DA-A309-4090-B193-029CB44FDB30}.Release|Any CPU.ActiveCfg = Release|Any CPU
		{78EBC3DA-A309-4090-B193-029CB44FDB30}.Release|Any CPU.Build.0 = Release|Any CPU
		{78EBC3DA-A309-4090-B193-029CB44FDB30}.Release|Mixed Platforms.ActiveCfg = Release|Any CPU
		{78EBC3DA-A309-4090-B193-029CB44FDB30}.Release|Mixed Platforms.Build.0 = Release|Any CPU
		{78EBC3DA-A309-4090-B193-029CB44FDB30}.Release|x86.ActiveCfg = Release|Any CPU
		{ABA559EA-9B17-4D8E-968D-CF1A8A770A53}.Debug|Any CPU.ActiveCfg = Debug|Any CPU
		{ABA559EA-9B17-4D8E-968D-CF1A8A770A53}.Debug|Any CPU.Build.0 = Debug|Any CPU
		{ABA559EA-9B17-4D8E-968D-CF1A8A770A53}.Debug|Mixed Platforms.ActiveCfg = Debug|Any CPU
		{ABA559EA-9B17-4D8E-968D-CF1A8A770A53}.Debug|Mixed Platforms.Build.0 = Debug|Any CPU
		{ABA559EA-9B17-4D8E-968D-CF1A8A770A53}.Debug|x86.ActiveCfg = Debug|Any CPU
		{ABA559EA-9B17-4D8E-968D-CF1A8A770A53}.Release|Any CPU.ActiveCfg = Release|Any CPU
		{ABA559EA-9B17-4D8E-968D-CF1A8A770A53}.Release|Any CPU.Build.0 = Release|Any CPU
		{ABA559EA-9B17-4D8E-968D-CF1A8A770A53}.Release|Mixed Platforms.ActiveCfg = Release|Any CPU
		{ABA559EA-9B17-4D8E-968D-CF1A8A770A53}.Release|Mixed Platforms.Build.0 = Release|Any CPU
		{ABA559EA-9B17-4D8E-968D-CF1A8A770A53}.Release|x86.ActiveCfg = Release|Any CPU
		{A11B71F4-EE89-40CD-B017-395CA1F3D5B8}.Debug|Any CPU.ActiveCfg = Debug|x86
		{A11B71F4-EE89-40CD-B017-395CA1F3D5B8}.Debug|Mixed Platforms.ActiveCfg = Debug|x86
		{A11B71F4-EE89-40CD-B017-395CA1F3D5B8}.Debug|Mixed Platforms.Build.0 = Debug|x86
		{A11B71F4-EE89-40CD-B017-395CA1F3D5B8}.Debug|x86.ActiveCfg = Debug|x86
		{A11B71F4-EE89-40CD-B017-395CA1F3D5B8}.Debug|x86.Build.0 = Debug|x86
		{A11B71F4-EE89-40CD-B017-395CA1F3D5B8}.Release|Any CPU.ActiveCfg = Release|x86
		{A11B71F4-EE89-40CD-B017-395CA1F3D5B8}.Release|Mixed Platforms.ActiveCfg = Release|x86
		{A11B71F4-EE89-40CD-B017-395CA1F3D5B8}.Release|Mixed Platforms.Build.0 = Release|x86
		{A11B71F4-EE89-40CD-B017-395CA1F3D5B8}.Release|x86.ActiveCfg = Release|x86
		{A11B71F4-EE89-40CD-B017-395CA1F3D5B8}.Release|x86.Build.0 = Release|x86
		{6BCE2935-F7F9-463A-9406-EC17E856BBF3}.Debug|Any CPU.ActiveCfg = Debug|Any CPU
		{6BCE2935-F7F9-463A-9406-EC17E856BBF3}.Debug|Any CPU.Build.0 = Debug|Any CPU
		{6BCE2935-F7F9-463A-9406-EC17E856BBF3}.Debug|Mixed Platforms.ActiveCfg = Debug|Any CPU
		{6BCE2935-F7F9-463A-9406-EC17E856BBF3}.Debug|Mixed Platforms.Build.0 = Debug|Any CPU
		{6BCE2935-F7F9-463A-9406-EC17E856BBF3}.Debug|x86.ActiveCfg = Debug|Any CPU
		{6BCE2935-F7F9-463A-9406-EC17E856BBF3}.Release|Any CPU.ActiveCfg = Release|Any CPU
		{6BCE2935-F7F9-463A-9406-EC17E856BBF3}.Release|Any CPU.Build.0 = Release|Any CPU
		{6BCE2935-F7F9-463A-9406-EC17E856BBF3}.Release|Mixed Platforms.ActiveCfg = Release|Any CPU
		{6BCE2935-F7F9-463A-9406-EC17E856BBF3}.Release|Mixed Platforms.Build.0 = Release|Any CPU
		{6BCE2935-F7F9-463A-9406-EC17E856BBF3}.Release|x86.ActiveCfg = Release|Any CPU
		{74FBC2AE-8971-4FCE-97C0-8D6049CBA91D}.Debug|Any CPU.ActiveCfg = Debug|Any CPU
		{74FBC2AE-8971-4FCE-97C0-8D6049CBA91D}.Debug|Any CPU.Build.0 = Debug|Any CPU
		{74FBC2AE-8971-4FCE-97C0-8D6049CBA91D}.Debug|Mixed Platforms.ActiveCfg = Debug|Any CPU
		{74FBC2AE-8971-4FCE-97C0-8D6049CBA91D}.Debug|Mixed Platforms.Build.0 = Debug|Any CPU
		{74FBC2AE-8971-4FCE-97C0-8D6049CBA91D}.Debug|x86.ActiveCfg = Debug|Any CPU
		{74FBC2AE-8971-4FCE-97C0-8D6049CBA91D}.Release|Any CPU.ActiveCfg = Release|Any CPU
		{74FBC2AE-8971-4FCE-97C0-8D6049CBA91D}.Release|Any CPU.Build.0 = Release|Any CPU
		{74FBC2AE-8971-4FCE-97C0-8D6049CBA91D}.Release|Mixed Platforms.ActiveCfg = Release|Any CPU
		{74FBC2AE-8971-4FCE-97C0-8D6049CBA91D}.Release|Mixed Platforms.Build.0 = Release|Any CPU
		{74FBC2AE-8971-4FCE-97C0-8D6049CBA91D}.Release|x86.ActiveCfg = Release|Any CPU
	EndGlobalSection
	GlobalSection(SolutionProperties) = preSolution
		HideSolutionNode = FALSE
	EndGlobalSection
	GlobalSection(NestedProjects) = preSolution
		{77C3A3A3-4F05-4705-B7CE-DB306E977D1A} = {F8733AA7-023A-4C63-A7B4-ECE6148553A6}
		{74B6E860-671A-4E14-8260-9DC0AA1D5755} = {52C080F3-0D11-49A4-B911-23648DD7397F}
		{12A2298E-4AB1-4E3D-A995-60CCAC565D2C} = {52C080F3-0D11-49A4-B911-23648DD7397F}
		{DBA0F068-69D5-4A93-B155-A98425F2430C} = {77F00C3C-2911-4BB1-A518-CFE6F63171A9}
		{07C5EA00-13B5-4577-A210-700C0B46B9DC} = {77F00C3C-2911-4BB1-A518-CFE6F63171A9}
		{38A04D56-C43D-49C3-A702-47BA1CB1DEB7} = {77F00C3C-2911-4BB1-A518-CFE6F63171A9}
		{78EBC3DA-A309-4090-B193-029CB44FDB30} = {38A04D56-C43D-49C3-A702-47BA1CB1DEB7}
		{6AC2C8BB-3B3A-42C7-A289-2C58F68F48B6} = {21109334-9496-4B68-9F08-A18546462F7C}
		{A6C01370-3CC2-4B8A-9B86-A59ED0B80689} = {21109334-9496-4B68-9F08-A18546462F7C}
		{ABA559EA-9B17-4D8E-968D-CF1A8A770A53} = {6AC2C8BB-3B3A-42C7-A289-2C58F68F48B6}
		{6BCE2935-F7F9-463A-9406-EC17E856BBF3} = {6AC2C8BB-3B3A-42C7-A289-2C58F68F48B6}
		{7329C098-52BB-4198-9BC8-529C2734C9FB} = {6AC2C8BB-3B3A-42C7-A289-2C58F68F48B6}
		{A11B71F4-EE89-40CD-B017-395CA1F3D5B8} = {A6C01370-3CC2-4B8A-9B86-A59ED0B80689}
		{8305A961-FA14-4345-A8F3-165297CD562D} = {7329C098-52BB-4198-9BC8-529C2734C9FB}
		{74FBC2AE-8971-4FCE-97C0-8D6049CBA91D} = {8305A961-FA14-4345-A8F3-165297CD562D}
	EndGlobalSection
EndGlobal
